version = 1
revision = 1
requires-python = ">=3.10"

[[package]]
name = "asgiref"
version = "3.8.1"
source = { registry = "https://pypi.tuna.tsinghua.edu.cn/simple" }
dependencies = [
    { name = "typing-extensions", marker = "python_full_version < '3.11'" },
]
sdist = { url = "https://pypi.tuna.tsinghua.edu.cn/packages/29/38/b3395cc9ad1b56d2ddac9970bc8f4141312dbaec28bc7c218b0dfafd0f42/asgiref-3.8.1.tar.gz", hash = "sha256:c343bd80a0bec947a9860adb4c432ffa7db769836c64238fc34bdc3fec84d590", size = 35186 }
wheels = [
    { url = "https://pypi.tuna.tsinghua.edu.cn/packages/39/e3/893e8757be2612e6c266d9bb58ad2e3651524b5b40cf56761e985a28b13e/asgiref-3.8.1-py3-none-any.whl", hash = "sha256:3e1e3ecc849832fe52ccf2cb6686b7a55f82bb1d6aee72a58826471390335e47", size = 23828 },
]

[[package]]
name = "crispy-bootstrap5"
version = "2025.4"
source = { registry = "https://pypi.tuna.tsinghua.edu.cn/simple" }
dependencies = [
    { name = "django" },
    { name = "django-crispy-forms" },
]
sdist = { url = "https://pypi.tuna.tsinghua.edu.cn/packages/59/65/d4406d4c914aedea8e2de9cf44d70bd1f6e339c87ef2d5791ff10fa223d2/crispy_bootstrap5-2025.4.tar.gz", hash = "sha256:d675ea7e245048905077dfe16bf1fa1ee16842f52fe88164ccc8a5e2d11119b3", size = 23913 }
wheels = [
    { url = "https://pypi.tuna.tsinghua.edu.cn/packages/b8/9a/4f1166cc82c9f777cf9a5bc2a75171d63301ac317c5de8f59bd44bfe2b7a/crispy_bootstrap5-2025.4-py3-none-any.whl", hash = "sha256:51efa19c7d40e339774a6fe23407e83b95b7634cad6de70fd1f1093131bea1d9", size = 24772 },
]

[[package]]
name = "diff-match-patch"
version = "20241021"
source = { registry = "https://pypi.tuna.tsinghua.edu.cn/simple" }
sdist = { url = "https://pypi.tuna.tsinghua.edu.cn/packages/0e/ad/32e1777dd57d8e85fa31e3a243af66c538245b8d64b7265bec9a61f2ca33/diff_match_patch-20241021.tar.gz", hash = "sha256:beae57a99fa48084532935ee2968b8661db861862ec82c6f21f4acdd6d835073", size = 39962 }
wheels = [
    { url = "https://pypi.tuna.tsinghua.edu.cn/packages/f7/bb/2aa9b46a01197398b901e458974c20ed107935c26e44e37ad5b0e5511e44/diff_match_patch-20241021-py3-none-any.whl", hash = "sha256:93cea333fb8b2bc0d181b0de5e16df50dd344ce64828226bda07728818936782", size = 43252 },
]

[[package]]
name = "django"
version = "5.2"
source = { registry = "https://pypi.tuna.tsinghua.edu.cn/simple" }
dependencies = [
    { name = "asgiref" },
    { name = "sqlparse" },
    { name = "tzdata", marker = "sys_platform == 'win32'" },
]
sdist = { url = "https://pypi.tuna.tsinghua.edu.cn/packages/4c/1b/c6da718c65228eb3a7ff7ba6a32d8e80fa840ca9057490504e099e4dd1ef/Django-5.2.tar.gz", hash = "sha256:1a47f7a7a3d43ce64570d350e008d2949abe8c7e21737b351b6a1611277c6d89", size = 10824891 }
wheels = [
    { url = "https://pypi.tuna.tsinghua.edu.cn/packages/63/e0/6a5b5ea350c5bd63fe94b05e4c146c18facb51229d9dee42aa39f9fc2214/Django-5.2-py3-none-any.whl", hash = "sha256:91ceed4e3a6db5aedced65e3c8f963118ea9ba753fc620831c77074e620e7d83", size = 8301361 },
]

[[package]]
name = "django-bootstrap5"
version = "25.1"
source = { registry = "https://pypi.tuna.tsinghua.edu.cn/simple" }
dependencies = [
    { name = "django" },
]
sdist = { url = "https://pypi.tuna.tsinghua.edu.cn/packages/37/e3/1a52b8a5d2d85cbade624ec0de29a27b8a47df8859cb65e8425c3d4589df/django_bootstrap5-25.1.tar.gz", hash = "sha256:e81c77eb710356f94e426a51f4f469890d5720f5e7e53d650f4405d4cc94da04", size = 122024 }
wheels = [
    { url = "https://pypi.tuna.tsinghua.edu.cn/packages/49/6b/e28da7dd51d94f00975ab9db3ceda8ea7cfac6b92b2323fc4db7871534d4/django_bootstrap5-25.1-py3-none-any.whl", hash = "sha256:964ad2d970d0495b030b86f31b33033dfdfe839a67b32ea599fa02eb39988ae7", size = 26404 },
]

[[package]]
name = "django-crispy-forms"
version = "2.4"
source = { registry = "https://pypi.tuna.tsinghua.edu.cn/simple" }
dependencies = [
    { name = "django" },
]
sdist = { url = "https://pypi.tuna.tsinghua.edu.cn/packages/88/a1/ffd7b0e160296121d88e3e173165370000ee4de7328f5c4f4b266638dcd9/django_crispy_forms-2.4.tar.gz", hash = "sha256:915e1ffdeb2987d78b33fabfeff8e5203c8776aa910a3a659a2c514ca125f3bd", size = 278932 }
wheels = [
    { url = "https://pypi.tuna.tsinghua.edu.cn/packages/1d/ec/a25f81e56a674e63cf6c3dd8e36b1b3fecc238fecd6098504adc0cc61402/django_crispy_forms-2.4-py3-none-any.whl", hash = "sha256:5a4b99876cfb1bdd3e47727731b6d4197c51c0da502befbfbec6a93010b02030", size = 31446 },
]

[[package]]
name = "sqlparse"
version = "0.5.3"
source = { registry = "https://pypi.tuna.tsinghua.edu.cn/simple" }
sdist = { url = "https://pypi.tuna.tsinghua.edu.cn/packages/e5/40/edede8dd6977b0d3da179a342c198ed100dd2aba4be081861ee5911e4da4/sqlparse-0.5.3.tar.gz", hash = "sha256:09f67787f56a0b16ecdbde1bfc7f5d9c3371ca683cfeaa8e6ff60b4807ec9272", size = 84999 }
wheels = [
    { url = "https://pypi.tuna.tsinghua.edu.cn/packages/a9/5c/bfd6bd0bf979426d405cc6e71eceb8701b148b16c21d2dc3c261efc61c7b/sqlparse-0.5.3-py3-none-any.whl", hash = "sha256:cf2196ed3418f3ba5de6af7e82c694a9fbdbfecccdfc72e281548517081f16ca", size = 44415 },
]

[[package]]
name = "typing-extensions"
version = "4.13.0"
source = { registry = "https://pypi.tuna.tsinghua.edu.cn/simple" }
sdist = { url = "https://pypi.tuna.tsinghua.edu.cn/packages/0e/3e/b00a62db91a83fff600de219b6ea9908e6918664899a2d85db222f4fbf19/typing_extensions-4.13.0.tar.gz", hash = "sha256:0a4ac55a5820789d87e297727d229866c9650f6521b64206413c4fbada24d95b", size = 106520 }
wheels = [
    { url = "https://pypi.tuna.tsinghua.edu.cn/packages/e0/86/39b65d676ec5732de17b7e3c476e45bb80ec64eb50737a8dce1a4178aba1/typing_extensions-4.13.0-py3-none-any.whl", hash = "sha256:c8dd92cc0d6425a97c18fbb9d1954e5ff92c1ca881a309c45f06ebc0b79058e5", size = 45683 },
]

[[package]]
name = "tzdata"
version = "2025.2"
source = { registry = "https://pypi.tuna.tsinghua.edu.cn/simple" }
sdist = { url = "https://pypi.tuna.tsinghua.edu.cn/packages/95/32/1a225d6164441be760d75c2c42e2780dc0873fe382da3e98a2e1e48361e5/tzdata-2025.2.tar.gz", hash = "sha256:b60a638fcc0daffadf82fe0f57e53d06bdec2f36c4df66280ae79bce6bd6f2b9", size = 196380 }
wheels = [
    { url = "https://pypi.tuna.tsinghua.edu.cn/packages/5c/23/c7abc0ca0a1526a0774eca151daeb8de62ec457e77262b66b359c3c7679e/tzdata-2025.2-py2.py3-none-any.whl", hash = "sha256:1a403fada01ff9221ca8044d701868fa132215d84beb92242d9acd2147f667a8", size = 347839 },
]

[[package]]
name = "zlbcwiki"
version = "0.1.0"
source = { virtual = "." }
dependencies = [
    { name = "crispy-bootstrap5" },
    { name = "diff-match-patch" },
    { name = "django" },
    { name = "django-bootstrap5" },
    { name = "django-crispy-forms" },
]

[package.metadata]
requires-dist = [
    { name = "crispy-bootstrap5", specifier = ">=2025.4" },
    { name = "diff-match-patch", specifier = ">=20241021" },
    { name = "django", specifier = ">=5.2" },
    { name = "django-bootstrap5", specifier = ">=25.1" },
    { name = "django-crispy-forms", specifier = ">=2.4" },
]
